
Microsoft Visual Studio Solution File, Format Version 12.00
# Visual Studio 15
VisualStudioVersion = 15.0.27428.2037
MinimumVisualStudioVersion = 10.0.40219.1
Project("{FAE04EC0-301F-11D3-BF4B-00C04F79EFBC}") = "FormUI", "FormUI\FormUI.csproj", "{339C6F5A-6E3F-41DA-B0FA-6E47D5217707}"
EndProject
Global
	GlobalSection(SolutionConfigurationPlatforms) = preSolution
		Debug|Any CPU = Debug|Any CPU
		Release|Any CPU = Release|Any CPU
	EndGlobalSection
	GlobalSection(ProjectConfigurationPlatforms) = postSolution
		{339C6F5A-6E3F-41DA-B0FA-6E47D5217707}.Debug|Any CPU.ActiveCfg = Debug|Any CPU
		{339C6F5A-6E3F-41DA-B0FA-6E47D5217707}.Debug|Any CPU.Build.0 = Debug|Any CPU
		{339C6F5A-6E3F-41DA-B0FA-6E47D5217707}.Release|Any CPU.ActiveCfg = Release|Any CPU
		{339C6F5A-6E3F-41DA-B0FA-6E47D5217707}.Release|Any CPU.Build.0 = Release|Any CPU
	EndGlobalSection
	GlobalSection(SolutionProperties) = preSolution
		HideSolutionNode = FALSE
	EndGlobalSection
	GlobalSection(ExtensibilityGlobals) = postSolution
		SolutionGuid = {12CB60DE-0F15-4A68-B054-A7BBB31ACDCF}
	EndGlobalSection
EndGlobal
